
Microsoft Visual Studio Solution File, Format Version 12.00
# Visual Studio Version 16
VisualStudioVersion = 16.0.29613.14
MinimumVisualStudioVersion = 10.0.40219.1
Project("{FAE04EC0-301F-11D3-BF4B-00C04F79EFBC}") = "ASSIGNMENT1", "ASSIGNMENT1.csproj", "{393F580D-5636-4693-AD24-FDF70C6FDF2A}"
EndProject
Global
	GlobalSection(SolutionConfigurationPlatforms) = preSolution
		Debug|Any CPU = Debug|Any CPU
		Release|Any CPU = Release|Any CPU
	EndGlobalSection
	GlobalSection(ProjectConfigurationPlatforms) = postSolution
		{393F580D-5636-4693-AD24-FDF70C6FDF2A}.Debug|Any CPU.ActiveCfg = Debug|Any CPU
		{393F580D-5636-4693-AD24-FDF70C6FDF2A}.Debug|Any CPU.Build.0 = Debug|Any CPU
		{393F580D-5636-4693-AD24-FDF70C6FDF2A}.Release|Any CPU.ActiveCfg = Release|Any CPU
		{393F580D-5636-4693-AD24-FDF70C6FDF2A}.Release|Any CPU.Build.0 = Release|Any CPU
	EndGlobalSection
	GlobalSection(SolutionProperties) = preSolution
		HideSolutionNode = FALSE
	EndGlobalSection
	GlobalSection(ExtensibilityGlobals) = postSolution
		SolutionGuid = {2DB24B36-1D1B-410A-82D2-6D9851C9B842}
	EndGlobalSection
EndGlobal
