
Microsoft Visual Studio Solution File, Format Version 12.00
# Visual Studio Version 16
VisualStudioVersion = 16.0.29613.14
MinimumVisualStudioVersion = 10.0.40219.1
Project("{FAE04EC0-301F-11D3-BF4B-00C04F79EFBC}") = "String", "String.csproj", "{1026F86C-98A0-43A3-9629-AEAE3FF8D1F5}"
EndProject
Global
	GlobalSection(SolutionConfigurationPlatforms) = preSolution
		Debug|Any CPU = Debug|Any CPU
		Release|Any CPU = Release|Any CPU
	EndGlobalSection
	GlobalSection(ProjectConfigurationPlatforms) = postSolution
		{1026F86C-98A0-43A3-9629-AEAE3FF8D1F5}.Debug|Any CPU.ActiveCfg = Debug|Any CPU
		{1026F86C-98A0-43A3-9629-AEAE3FF8D1F5}.Debug|Any CPU.Build.0 = Debug|Any CPU
		{1026F86C-98A0-43A3-9629-AEAE3FF8D1F5}.Release|Any CPU.ActiveCfg = Release|Any CPU
		{1026F86C-98A0-43A3-9629-AEAE3FF8D1F5}.Release|Any CPU.Build.0 = Release|Any CPU
	EndGlobalSection
	GlobalSection(SolutionProperties) = preSolution
		HideSolutionNode = FALSE
	EndGlobalSection
	GlobalSection(ExtensibilityGlobals) = postSolution
		SolutionGuid = {BAC1B187-189F-4158-B043-7DDCF593C763}
	EndGlobalSection
EndGlobal
