
Microsoft Visual Studio Solution File, Format Version 12.00
# Visual Studio Version 16
VisualStudioVersion = 16.0.29613.14
MinimumVisualStudioVersion = 10.0.40219.1
Project("{FAE04EC0-301F-11D3-BF4B-00C04F79EFBC}") = "DelegateAss", "DelegateAss.csproj", "{38ABAEBA-CB79-42E3-B14C-91B2977F2266}"
EndProject
Global
	GlobalSection(SolutionConfigurationPlatforms) = preSolution
		Debug|Any CPU = Debug|Any CPU
		Release|Any CPU = Release|Any CPU
	EndGlobalSection
	GlobalSection(ProjectConfigurationPlatforms) = postSolution
		{38ABAEBA-CB79-42E3-B14C-91B2977F2266}.Debug|Any CPU.ActiveCfg = Debug|Any CPU
		{38ABAEBA-CB79-42E3-B14C-91B2977F2266}.Debug|Any CPU.Build.0 = Debug|Any CPU
		{38ABAEBA-CB79-42E3-B14C-91B2977F2266}.Release|Any CPU.ActiveCfg = Release|Any CPU
		{38ABAEBA-CB79-42E3-B14C-91B2977F2266}.Release|Any CPU.Build.0 = Release|Any CPU
	EndGlobalSection
	GlobalSection(SolutionProperties) = preSolution
		HideSolutionNode = FALSE
	EndGlobalSection
	GlobalSection(ExtensibilityGlobals) = postSolution
		SolutionGuid = {273337E4-DF66-4131-8630-0E24454EDA3A}
	EndGlobalSection
EndGlobal
