
Microsoft Visual Studio Solution File, Format Version 12.00
# Visual Studio Version 16
VisualStudioVersion = 16.0.29613.14
MinimumVisualStudioVersion = 10.0.40219.1
Project("{FAE04EC0-301F-11D3-BF4B-00C04F79EFBC}") = "DateTime", "DateTime.csproj", "{1E47350F-68E0-4AF7-B7B9-956902746E69}"
EndProject
Global
	GlobalSection(SolutionConfigurationPlatforms) = preSolution
		Debug|Any CPU = Debug|Any CPU
		Release|Any CPU = Release|Any CPU
	EndGlobalSection
	GlobalSection(ProjectConfigurationPlatforms) = postSolution
		{1E47350F-68E0-4AF7-B7B9-956902746E69}.Debug|Any CPU.ActiveCfg = Debug|Any CPU
		{1E47350F-68E0-4AF7-B7B9-956902746E69}.Debug|Any CPU.Build.0 = Debug|Any CPU
		{1E47350F-68E0-4AF7-B7B9-956902746E69}.Release|Any CPU.ActiveCfg = Release|Any CPU
		{1E47350F-68E0-4AF7-B7B9-956902746E69}.Release|Any CPU.Build.0 = Release|Any CPU
	EndGlobalSection
	GlobalSection(SolutionProperties) = preSolution
		HideSolutionNode = FALSE
	EndGlobalSection
	GlobalSection(ExtensibilityGlobals) = postSolution
		SolutionGuid = {F5584AF7-23D9-430F-BF8E-EBFF81212207}
	EndGlobalSection
EndGlobal
