
Microsoft Visual Studio Solution File, Format Version 12.00
# Visual Studio Version 16
VisualStudioVersion = 16.0.29613.14
MinimumVisualStudioVersion = 10.0.40219.1
Project("{FAE04EC0-301F-11D3-BF4B-00C04F79EFBC}") = "ExceptionAss", "ExceptionAss.csproj", "{2C142148-42D6-4465-B5F1-4FBE9D4F468B}"
EndProject
Global
	GlobalSection(SolutionConfigurationPlatforms) = preSolution
		Debug|Any CPU = Debug|Any CPU
		Release|Any CPU = Release|Any CPU
	EndGlobalSection
	GlobalSection(ProjectConfigurationPlatforms) = postSolution
		{2C142148-42D6-4465-B5F1-4FBE9D4F468B}.Debug|Any CPU.ActiveCfg = Debug|Any CPU
		{2C142148-42D6-4465-B5F1-4FBE9D4F468B}.Debug|Any CPU.Build.0 = Debug|Any CPU
		{2C142148-42D6-4465-B5F1-4FBE9D4F468B}.Release|Any CPU.ActiveCfg = Release|Any CPU
		{2C142148-42D6-4465-B5F1-4FBE9D4F468B}.Release|Any CPU.Build.0 = Release|Any CPU
	EndGlobalSection
	GlobalSection(SolutionProperties) = preSolution
		HideSolutionNode = FALSE
	EndGlobalSection
	GlobalSection(ExtensibilityGlobals) = postSolution
		SolutionGuid = {2AC24916-A835-4B9F-93C5-E3F9E1656784}
	EndGlobalSection
EndGlobal
